
Microsoft Visual Studio Solution File, Format Version 12.00
# Visual Studio Version 17
VisualStudioVersion = 17.5.2.0
MinimumVisualStudioVersion = 10.0.40219.1
Project("{FAE04EC0-301F-11D3-BF4B-00C04F79EFBC}") = "метод", "метод.csproj", "{9B985955-CB32-30B3-31D5-17F549575062}"
EndProject
Global
	GlobalSection(SolutionConfigurationPlatforms) = preSolution
		Debug|Any CPU = Debug|Any CPU
		Release|Any CPU = Release|Any CPU
	EndGlobalSection
	GlobalSection(ProjectConfigurationPlatforms) = postSolution
		{9B985955-CB32-30B3-31D5-17F549575062}.Debug|Any CPU.ActiveCfg = Debug|Any CPU
		{9B985955-CB32-30B3-31D5-17F549575062}.Debug|Any CPU.Build.0 = Debug|Any CPU
		{9B985955-CB32-30B3-31D5-17F549575062}.Release|Any CPU.ActiveCfg = Release|Any CPU
		{9B985955-CB32-30B3-31D5-17F549575062}.Release|Any CPU.Build.0 = Release|Any CPU
	EndGlobalSection
	GlobalSection(SolutionProperties) = preSolution
		HideSolutionNode = FALSE
	EndGlobalSection
	GlobalSection(ExtensibilityGlobals) = postSolution
		SolutionGuid = {60C62702-E749-4ABC-8B6B-40BFE574941E}
	EndGlobalSection
EndGlobal
